
Microsoft Visual Studio Solution File, Format Version 12.00
# Visual Studio Version 16
VisualStudioVersion = 16.0.31025.194
MinimumVisualStudioVersion = 10.0.40219.1
Project("{9A19103F-16F7-4668-BE54-9A1E7A4F7556}") = "WEB1001Review", "WEB1001Review\WEB1001Review.csproj", "{B1393347-61BE-48CE-9707-2FAA2365F49B}"
EndProject
Global
	GlobalSection(SolutionConfigurationPlatforms) = preSolution
		Debug|Any CPU = Debug|Any CPU
		Release|Any CPU = Release|Any CPU
	EndGlobalSection
	GlobalSection(ProjectConfigurationPlatforms) = postSolution
		{B1393347-61BE-48CE-9707-2FAA2365F49B}.Debug|Any CPU.ActiveCfg = Debug|Any CPU
		{B1393347-61BE-48CE-9707-2FAA2365F49B}.Debug|Any CPU.Build.0 = Debug|Any CPU
		{B1393347-61BE-48CE-9707-2FAA2365F49B}.Release|Any CPU.ActiveCfg = Release|Any CPU
		{B1393347-61BE-48CE-9707-2FAA2365F49B}.Release|Any CPU.Build.0 = Release|Any CPU
	EndGlobalSection
	GlobalSection(SolutionProperties) = preSolution
		HideSolutionNode = FALSE
	EndGlobalSection
	GlobalSection(ExtensibilityGlobals) = postSolution
		SolutionGuid = {7E90DAA8-8243-43C7-B22B-E17BB1A43AA2}
	EndGlobalSection
EndGlobal
